# SPDX-FileCopyrightText: 2020 DrSmugleaf <DrSmugleaf@users.noreply.github.com>
# SPDX-FileCopyrightText: 2020 Git-Nivrak <59925169+Git-Nivrak@users.noreply.github.com>
# SPDX-FileCopyrightText: 2020 Paul Ritter <ritter.paul1@googlemail.com>
# SPDX-FileCopyrightText: 2020 Víctor Aguilera Puerto <6766154+Zumorica@users.noreply.github.com>
# SPDX-FileCopyrightText: 2021 Sebastian Sikes <sebastian.sikes@nsmg.com>
# SPDX-FileCopyrightText: 2021 Sir Sikes <34659056+ShariaThotPatrol@users.noreply.github.com>
# SPDX-FileCopyrightText: 2021 Swept <sweptwastaken@protonmail.com>
# SPDX-FileCopyrightText: 2022 Leon Friedrich <60421075+ElectroJr@users.noreply.github.com>
# SPDX-FileCopyrightText: 2022 Peptide90 <78795277+Peptide90@users.noreply.github.com>
# SPDX-FileCopyrightText: 2022 Rane <60792108+Elijahrane@users.noreply.github.com>
# SPDX-FileCopyrightText: 2022 Visne <39844191+Visne@users.noreply.github.com>
# SPDX-FileCopyrightText: 2022 corentt <36075110+corentt@users.noreply.github.com>
# SPDX-FileCopyrightText: 2022 metalgearsloth <31366439+metalgearsloth@users.noreply.github.com>
# SPDX-FileCopyrightText: 2022 metalgearsloth <comedian_vs_clown@hotmail.com>
# SPDX-FileCopyrightText: 2023 Nairod <110078045+Nairodian@users.noreply.github.com>
# SPDX-FileCopyrightText: 2024 Debug <49997488+DebugOk@users.noreply.github.com>
# SPDX-FileCopyrightText: 2024 lzk <124214523+lzk228@users.noreply.github.com>
# SPDX-FileCopyrightText: 2025 Aiden <28298836+Aidenkrz@users.noreply.github.com>
# SPDX-FileCopyrightText: 2025 Fishbait <Fishbait@git.ml>
# SPDX-FileCopyrightText: 2025 fishbait <gnesse@gmail.com>
#
# SPDX-License-Identifier: AGPL-3.0-or-later

- type: entity
  id: FirelockElectronics
  parent: BaseElectronics
  name: firelock electronics
  description: An electronics board used to detect differences in pressure, temperature and gas concentrations between the two sides of the door.
  components:
    - type: Item
      storedRotation: 0
    - type: Sprite
      sprite: Objects/Misc/module.rsi
      state: mainboard
    - type: Tag
      tags:
      - DroneUsable # Goobstation
      - FirelockElectronics
    - type: StaticPrice
      price: 61
    - type: PhysicalComposition
      materialComposition:
        Glass: 0
      chemicalComposition:
        Silicon: 20